# THIS IS AN AUTOGENERATED FILE. DO NOT EDIT THIS FILE DIRECTLY.
# yarn lockfile v1


react-icons@^3.2.2:
  version "3.2.2"
  resolved "https://registry.yarnpkg.com/react-icons/-/react-icons-3.2.2.tgz#7b1dc795004a119a35175e62ecef91e5c9c90962"
  integrity sha512-0DiXTcECUNoMvze2zcFwYYrHAFgQ2rBM0+HIHfaECKRfE1NZYwfuUSbwyg9s1uVPuy7o/KqQKSwBGMWQFvdrhQ==
